
Microsoft Visual Studio Solution File, Format Version 10.00
# Visual Studio 2008
Project("{FAE04EC0-301F-11D3-BF4B-00C04F79EFBC}") = "HODOR", "HODOR\HODOR.csproj", "{FD647890-25F1-4586-B32D-69A36B52153E}"
EndProject
Global
	GlobalSection(SolutionConfigurationPlatforms) = preSolution
		Debug|Any CPU = Debug|Any CPU
		Release|Any CPU = Release|Any CPU
	EndGlobalSection
	GlobalSection(ProjectConfigurationPlatforms) = postSolution
		{FD647890-25F1-4586-B32D-69A36B52153E}.Debug|Any CPU.ActiveCfg = Debug|Any CPU
		{FD647890-25F1-4586-B32D-69A36B52153E}.Debug|Any CPU.Build.0 = Debug|Any CPU
		{FD647890-25F1-4586-B32D-69A36B52153E}.Release|Any CPU.ActiveCfg = Release|Any CPU
		{FD647890-25F1-4586-B32D-69A36B52153E}.Release|Any CPU.Build.0 = Release|Any CPU
	EndGlobalSection
	GlobalSection(SolutionProperties) = preSolution
		HideSolutionNode = FALSE
	EndGlobalSection
EndGlobal
